
Microsoft Visual Studio Solution File, Format Version 12.00
# Visual Studio Version 17
VisualStudioVersion = 17.1.32421.90
MinimumVisualStudioVersion = 10.0.40219.1
Project("{FAE04EC0-301F-11D3-BF4B-00C04F79EFBC}") = "linq-sample", "linq-sample\linq-sample.csproj", "{7DE05097-814B-4589-9B11-E7EE420BC02E}"
EndProject
Global
	GlobalSection(SolutionConfigurationPlatforms) = preSolution
		Debug|Any CPU = Debug|Any CPU
		Release|Any CPU = Release|Any CPU
	EndGlobalSection
	GlobalSection(ProjectConfigurationPlatforms) = postSolution
		{7DE05097-814B-4589-9B11-E7EE420BC02E}.Debug|Any CPU.ActiveCfg = Debug|Any CPU
		{7DE05097-814B-4589-9B11-E7EE420BC02E}.Debug|Any CPU.Build.0 = Debug|Any CPU
		{7DE05097-814B-4589-9B11-E7EE420BC02E}.Release|Any CPU.ActiveCfg = Release|Any CPU
		{7DE05097-814B-4589-9B11-E7EE420BC02E}.Release|Any CPU.Build.0 = Release|Any CPU
	EndGlobalSection
	GlobalSection(SolutionProperties) = preSolution
		HideSolutionNode = FALSE
	EndGlobalSection
	GlobalSection(ExtensibilityGlobals) = postSolution
		SolutionGuid = {6C621350-AFE6-458A-847B-895EBBC25F7F}
	EndGlobalSection
EndGlobal
